// !$*UTF8*$!
{
	archiveVersion = 1;
	classes = {
	};
	objectVersion = 51;
	objects = {

/* Begin PBXBuildFile section */
		0461618F259CBB62004E0482 /* LoginScreen.swift in Sources */ = {isa = PBXBuildFile; fileRef = 0461618E259CBB62004E0482 /* LoginScreen.swift */; };
		04616194259CBFAB004E0482 /* BaseViewController.swift in Sources */ = {isa = PBXBuildFile; fileRef = 04616193259CBFAB004E0482 /* BaseViewController.swift */; };
		04CCFBB9259CB55200FAD254 /* AppDelegate.swift in Sources */ = {isa = PBXBuildFile; fileRef = 04CCFBB8259CB55200FAD254 /* AppDelegate.swift */; };
		04CCFBBB259CB55200FAD254 /* SceneDelegate.swift in Sources */ = {isa = PBXBuildFile; fileRef = 04CCFBBA259CB55200FAD254 /* SceneDelegate.swift */; };
		04CCFBBD259CB55200FAD254 /* ViewController.swift in Sources */ = {isa = PBXBuildFile; fileRef = 04CCFBBC259CB55200FAD254 /* ViewController.swift */; };
		04CCFBC3259CB55200FAD254 /* Marcador_de_Ponto.xcdatamodeld in Sources */ = {isa = PBXBuildFile; fileRef = 04CCFBC1259CB55200FAD254 /* Marcador_de_Ponto.xcdatamodeld */; };
		04CCFBC5259CB55300FAD254 /* Assets.xcassets in Resources */ = {isa = PBXBuildFile; fileRef = 04CCFBC4259CB55300FAD254 /* Assets.xcassets */; };
		04CCFBC8259CB55300FAD254 /* LaunchScreen.storyboard in Resources */ = {isa = PBXBuildFile; fileRef = 04CCFBC6259CB55300FAD254 /* LaunchScreen.storyboard */; };
		04CCFBD3259CB55300FAD254 /* Marcador_de_PontoTests.swift in Sources */ = {isa = PBXBuildFile; fileRef = 04CCFBD2259CB55300FAD254 /* Marcador_de_PontoTests.swift */; };
		04CCFBDE259CB55300FAD254 /* Marcador_de_PontoUITests.swift in Sources */ = {isa = PBXBuildFile; fileRef = 04CCFBDD259CB55300FAD254 /* Marcador_de_PontoUITests.swift */; };
		0B9878B98AEFF9DE203FB7CE /* Pods_Marcador_de_PontoTests.framework in Frameworks */ = {isa = PBXBuildFile; fileRef = 944254909EBB4A6C729059F4 /* Pods_Marcador_de_PontoTests.framework */; };
		F37E2DF4A30A76B1196C3057 /* Pods_Marcador_de_Ponto_Marcador_de_PontoUITests.framework in Frameworks */ = {isa = PBXBuildFile; fileRef = CD2818DF9791C42F21C3A6BC /* Pods_Marcador_de_Ponto_Marcador_de_PontoUITests.framework */; };
		F4DFC7185A6A88683481F1CD /* Pods_Marcador_de_Ponto.framework in Frameworks */ = {isa = PBXBuildFile; fileRef = D1B0BE0C41648C6B0B9CDD8A /* Pods_Marcador_de_Ponto.framework */; };
/* End PBXBuildFile section */

/* Begin PBXContainerItemProxy section */
		04CCFBCF259CB55300FAD254 /* PBXContainerItemProxy */ = {
			isa = PBXContainerItemProxy;
			containerPortal = 04CCFBAD259CB55200FAD254 /* Project object */;
			proxyType = 1;
			remoteGlobalIDString = 04CCFBB4259CB55200FAD254;
			remoteInfo = "Marcador de Ponto";
		};
		04CCFBDA259CB55300FAD254 /* PBXContainerItemProxy */ = {
			isa = PBXContainerItemProxy;
			containerPortal = 04CCFBAD259CB55200FAD254 /* Project object */;
			proxyType = 1;
			remoteGlobalIDString = 04CCFBB4259CB55200FAD254;
			remoteInfo = "Marcador de Ponto";
		};
/* End PBXContainerItemProxy section */

/* Begin PBXFileReference section */
		0461618E259CBB62004E0482 /* LoginScreen.swift */ = {isa = PBXFileReference; fileEncoding = 4; lastKnownFileType = sourcecode.swift; path = LoginScreen.swift; sourceTree = "<group>"; };
		04616193259CBFAB004E0482 /* BaseViewController.swift */ = {isa = PBXFileReference; lastKnownFileType = sourcecode.swift; path = BaseViewController.swift; sourceTree = "<group>"; };
		04CCFBB5259CB55200FAD254 /* Marcador de Ponto.app */ = {isa = PBXFileReference; explicitFileType = wrapper.application; includeInIndex = 0; path = "Marcador de Ponto.app"; sourceTree = BUILT_PRODUCTS_DIR; };
		04CCFBB8259CB55200FAD254 /* AppDelegate.swift */ = {isa = PBXFileReference; lastKnownFileType = sourcecode.swift; path = AppDelegate.swift; sourceTree = "<group>"; };
		04CCFBBA259CB55200FAD254 /* SceneDelegate.swift */ = {isa = PBXFileReference; lastKnownFileType = sourcecode.swift; path = SceneDelegate.swift; sourceTree = "<group>"; };
		04CCFBBC259CB55200FAD254 /* ViewController.swift */ = {isa = PBXFileReference; lastKnownFileType = sourcecode.swift; path = ViewController.swift; sourceTree = "<group>"; };
		04CCFBC2259CB55200FAD254 /* Marcador_de_Ponto.xcdatamodel */ = {isa = PBXFileReference; lastKnownFileType = wrapper.xcdatamodel; path = Marcador_de_Ponto.xcdatamodel; sourceTree = "<group>"; };
		04CCFBC4259CB55300FAD254 /* Assets.xcassets */ = {isa = PBXFileReference; lastKnownFileType = folder.assetcatalog; path = Assets.xcassets; sourceTree = "<group>"; };
		04CCFBC7259CB55300FAD254 /* Base */ = {isa = PBXFileReference; lastKnownFileType = file.storyboard; name = Base; path = Base.lproj/LaunchScreen.storyboard; sourceTree = "<group>"; };
		04CCFBC9259CB55300FAD254 /* Info.plist */ = {isa = PBXFileReference; lastKnownFileType = text.plist.xml; path = Info.plist; sourceTree = "<group>"; };
		04CCFBCE259CB55300FAD254 /* Marcador de PontoTests.xctest */ = {isa = PBXFileReference; explicitFileType = wrapper.cfbundle; includeInIndex = 0; path = "Marcador de PontoTests.xctest"; sourceTree = BUILT_PRODUCTS_DIR; };
		04CCFBD2259CB55300FAD254 /* Marcador_de_PontoTests.swift */ = {isa = PBXFileReference; lastKnownFileType = sourcecode.swift; path = Marcador_de_PontoTests.swift; sourceTree = "<group>"; };
		04CCFBD4259CB55300FAD254 /* Info.plist */ = {isa = PBXFileReference; lastKnownFileType = text.plist.xml; path = Info.plist; sourceTree = "<group>"; };
		04CCFBD9259CB55300FAD254 /* Marcador de PontoUITests.xctest */ = {isa = PBXFileReference; explicitFileType = wrapper.cfbundle; includeInIndex = 0; path = "Marcador de PontoUITests.xctest"; sourceTree = BUILT_PRODUCTS_DIR; };
		04CCFBDD259CB55300FAD254 /* Marcador_de_PontoUITests.swift */ = {isa = PBXFileReference; lastKnownFileType = sourcecode.swift; path = Marcador_de_PontoUITests.swift; sourceTree = "<group>"; };
		04CCFBDF259CB55300FAD254 /* Info.plist */ = {isa = PBXFileReference; lastKnownFileType = text.plist.xml; path = Info.plist; sourceTree = "<group>"; };
		1B3A61599362BCAA0E508EAE /* Pods-Marcador de Ponto.debug.xcconfig */ = {isa = PBXFileReference; includeInIndex = 1; lastKnownFileType = text.xcconfig; name = "Pods-Marcador de Ponto.debug.xcconfig"; path = "Target Support Files/Pods-Marcador de Ponto/Pods-Marcador de Ponto.debug.xcconfig"; sourceTree = "<group>"; };
		5C1E292B2FA7A91DA400E3A8 /* Pods-Marcador de Ponto-Marcador de PontoUITests.debug.xcconfig */ = {isa = PBXFileReference; includeInIndex = 1; lastKnownFileType = text.xcconfig; name = "Pods-Marcador de Ponto-Marcador de PontoUITests.debug.xcconfig"; path = "Target Support Files/Pods-Marcador de Ponto-Marcador de PontoUITests/Pods-Marcador de Ponto-Marcador de PontoUITests.debug.xcconfig"; sourceTree = "<group>"; };
		859B13CBF11F59DB2BD911EA /* Pods-Marcador de PontoTests.debug.xcconfig */ = {isa = PBXFileReference; includeInIndex = 1; lastKnownFileType = text.xcconfig; name = "Pods-Marcador de PontoTests.debug.xcconfig"; path = "Target Support Files/Pods-Marcador de PontoTests/Pods-Marcador de PontoTests.debug.xcconfig"; sourceTree = "<group>"; };
		91F42E113E4314594B7997E3 /* Pods-Marcador de Ponto-Marcador de PontoUITests.release.xcconfig */ = {isa = PBXFileReference; includeInIndex = 1; lastKnownFileType = text.xcconfig; name = "Pods-Marcador de Ponto-Marcador de PontoUITests.release.xcconfig"; path = "Target Support Files/Pods-Marcador de Ponto-Marcador de PontoUITests/Pods-Marcador de Ponto-Marcador de PontoUITests.release.xcconfig"; sourceTree = "<group>"; };
		944254909EBB4A6C729059F4 /* Pods_Marcador_de_PontoTests.framework */ = {isa = PBXFileReference; explicitFileType = wrapper.framework; includeInIndex = 0; path = Pods_Marcador_de_PontoTests.framework; sourceTree = BUILT_PRODUCTS_DIR; };
		C485B083C867EDA005615A97 /* Pods-Marcador de Ponto.release.xcconfig */ = {isa = PBXFileReference; includeInIndex = 1; lastKnownFileType = text.xcconfig; name = "Pods-Marcador de Ponto.release.xcconfig"; path = "Target Support Files/Pods-Marcador de Ponto/Pods-Marcador de Ponto.release.xcconfig"; sourceTree = "<group>"; };
		CD2818DF9791C42F21C3A6BC /* Pods_Marcador_de_Ponto_Marcador_de_PontoUITests.framework */ = {isa = PBXFileReference; explicitFileType = wrapper.framework; includeInIndex = 0; path = Pods_Marcador_de_Ponto_Marcador_de_PontoUITests.framework; sourceTree = BUILT_PRODUCTS_DIR; };
		D1B0BE0C41648C6B0B9CDD8A /* Pods_Marcador_de_Ponto.framework */ = {isa = PBXFileReference; explicitFileType = wrapper.framework; includeInIndex = 0; path = Pods_Marcador_de_Ponto.framework; sourceTree = BUILT_PRODUCTS_DIR; };
		D24B00F16F764F3165790C57 /* Pods-Marcador de PontoTests.release.xcconfig */ = {isa = PBXFileReference; includeInIndex = 1; lastKnownFileType = text.xcconfig; name = "Pods-Marcador de PontoTests.release.xcconfig"; path = "Target Support Files/Pods-Marcador de PontoTests/Pods-Marcador de PontoTests.release.xcconfig"; sourceTree = "<group>"; };
/* End PBXFileReference section */

/* Begin PBXFrameworksBuildPhase section */
		04CCFBB2259CB55200FAD254 /* Frameworks */ = {
			isa = PBXFrameworksBuildPhase;
			buildActionMask = 2147483647;
			files = (
				F4DFC7185A6A88683481F1CD /* Pods_Marcador_de_Ponto.framework in Frameworks */,
			);
			runOnlyForDeploymentPostprocessing = 0;
		};
		04CCFBCB259CB55300FAD254 /* Frameworks */ = {
			isa = PBXFrameworksBuildPhase;
			buildActionMask = 2147483647;
			files = (
				0B9878B98AEFF9DE203FB7CE /* Pods_Marcador_de_PontoTests.framework in Frameworks */,
			);
			runOnlyForDeploymentPostprocessing = 0;
		};
		04CCFBD6259CB55300FAD254 /* Frameworks */ = {
			isa = PBXFrameworksBuildPhase;
			buildActionMask = 2147483647;
			files = (
				F37E2DF4A30A76B1196C3057 /* Pods_Marcador_de_Ponto_Marcador_de_PontoUITests.framework in Frameworks */,
			);
			runOnlyForDeploymentPostprocessing = 0;
		};
/* End PBXFrameworksBuildPhase section */

/* Begin PBXGroup section */
		04CCFBAC259CB55200FAD254 = {
			isa = PBXGroup;
			children = (
				04CCFBB7259CB55200FAD254 /* Marcador de Ponto */,
				04CCFBD1259CB55300FAD254 /* Marcador de PontoTests */,
				04CCFBDC259CB55300FAD254 /* Marcador de PontoUITests */,
				04CCFBB6259CB55200FAD254 /* Products */,
				4DE4024293EFA95D2CFB3056 /* Pods */,
				4C6EC8FB646F07E423E2530A /* Frameworks */,
			);
			sourceTree = "<group>";
		};
		04CCFBB6259CB55200FAD254 /* Products */ = {
			isa = PBXGroup;
			children = (
				04CCFBB5259CB55200FAD254 /* Marcador de Ponto.app */,
				04CCFBCE259CB55300FAD254 /* Marcador de PontoTests.xctest */,
				04CCFBD9259CB55300FAD254 /* Marcador de PontoUITests.xctest */,
			);
			name = Products;
			sourceTree = "<group>";
		};
		04CCFBB7259CB55200FAD254 /* Marcador de Ponto */ = {
			isa = PBXGroup;
			children = (
				04CCFBB8259CB55200FAD254 /* AppDelegate.swift */,
				04CCFBBA259CB55200FAD254 /* SceneDelegate.swift */,
				0461618E259CBB62004E0482 /* LoginScreen.swift */,
				04CCFBBC259CB55200FAD254 /* ViewController.swift */,
				04616193259CBFAB004E0482 /* BaseViewController.swift */,
				04CCFBC4259CB55300FAD254 /* Assets.xcassets */,
				04CCFBC6259CB55300FAD254 /* LaunchScreen.storyboard */,
				04CCFBC9259CB55300FAD254 /* Info.plist */,
				04CCFBC1259CB55200FAD254 /* Marcador_de_Ponto.xcdatamodeld */,
			);
			path = "Marcador de Ponto";
			sourceTree = "<group>";
		};
		04CCFBD1259CB55300FAD254 /* Marcador de PontoTests */ = {
			isa = PBXGroup;
			children = (
				04CCFBD2259CB55300FAD254 /* Marcador_de_PontoTests.swift */,
				04CCFBD4259CB55300FAD254 /* Info.plist */,
			);
			path = "Marcador de PontoTests";
			sourceTree = "<group>";
		};
		04CCFBDC259CB55300FAD254 /* Marcador de PontoUITests */ = {
			isa = PBXGroup;
			children = (
				04CCFBDD259CB55300FAD254 /* Marcador_de_PontoUITests.swift */,
				04CCFBDF259CB55300FAD254 /* Info.plist */,
			);
			path = "Marcador de PontoUITests";
			sourceTree = "<group>";
		};
		4C6EC8FB646F07E423E2530A /* Frameworks */ = {
			isa = PBXGroup;
			children = (
				D1B0BE0C41648C6B0B9CDD8A /* Pods_Marcador_de_Ponto.framework */,
				CD2818DF9791C42F21C3A6BC /* Pods_Marcador_de_Ponto_Marcador_de_PontoUITests.framework */,
				944254909EBB4A6C729059F4 /* Pods_Marcador_de_PontoTests.framework */,
			);
			name = Frameworks;
			sourceTree = "<group>";
		};
		4DE4024293EFA95D2CFB3056 /* Pods */ = {
			isa = PBXGroup;
			children = (
				1B3A61599362BCAA0E508EAE /* Pods-Marcador de Ponto.debug.xcconfig */,
				C485B083C867EDA005615A97 /* Pods-Marcador de Ponto.release.xcconfig */,
				5C1E292B2FA7A91DA400E3A8 /* Pods-Marcador de Ponto-Marcador de PontoUITests.debug.xcconfig */,
				91F42E113E4314594B7997E3 /* Pods-Marcador de Ponto-Marcador de PontoUITests.release.xcconfig */,
				859B13CBF11F59DB2BD911EA /* Pods-Marcador de PontoTests.debug.xcconfig */,
				D24B00F16F764F3165790C57 /* Pods-Marcador de PontoTests.release.xcconfig */,
			);
			path = Pods;
			sourceTree = "<group>";
		};
/* End PBXGroup section */

/* Begin PBXNativeTarget section */
		04CCFBB4259CB55200FAD254 /* Marcador de Ponto */ = {
			isa = PBXNativeTarget;
			buildConfigurationList = 04CCFBE2259CB55300FAD254 /* Build configuration list for PBXNativeTarget "Marcador de Ponto" */;
			buildPhases = (
				D4B40C8F34A7A280E9ECC683 /* [CP] Check Pods Manifest.lock */,
				04CCFBB1259CB55200FAD254 /* Sources */,
				04CCFBB2259CB55200FAD254 /* Frameworks */,
				04CCFBB3259CB55200FAD254 /* Resources */,
				9B01D42A0A84F500EBC6042B /* [CP] Embed Pods Frameworks */,
			);
			buildRules = (
			);
			dependencies = (
			);
			name = "Marcador de Ponto";
			productName = "Marcador de Ponto";
			productReference = 04CCFBB5259CB55200FAD254 /* Marcador de Ponto.app */;
			productType = "com.apple.product-type.application";
		};
		04CCFBCD259CB55300FAD254 /* Marcador de PontoTests */ = {
			isa = PBXNativeTarget;
			buildConfigurationList = 04CCFBE5259CB55300FAD254 /* Build configuration list for PBXNativeTarget "Marcador de PontoTests" */;
			buildPhases = (
				6D13F66567595DC7D4669FD7 /* [CP] Check Pods Manifest.lock */,
				04CCFBCA259CB55300FAD254 /* Sources */,
				04CCFBCB259CB55300FAD254 /* Frameworks */,
				04CCFBCC259CB55300FAD254 /* Resources */,
			);
			buildRules = (
			);
			dependencies = (
				04CCFBD0259CB55300FAD254 /* PBXTargetDependency */,
			);
			name = "Marcador de PontoTests";
			productName = "Marcador de PontoTests";
			productReference = 04CCFBCE259CB55300FAD254 /* Marcador de PontoTests.xctest */;
			productType = "com.apple.product-type.bundle.unit-test";
		};
		04CCFBD8259CB55300FAD254 /* Marcador de PontoUITests */ = {
			isa = PBXNativeTarget;
			buildConfigurationList = 04CCFBE8259CB55300FAD254 /* Build configuration list for PBXNativeTarget "Marcador de PontoUITests" */;
			buildPhases = (
				21DF53A2CC91C649178EA8F5 /* [CP] Check Pods Manifest.lock */,
				04CCFBD5259CB55300FAD254 /* Sources */,
				04CCFBD6259CB55300FAD254 /* Frameworks */,
				04CCFBD7259CB55300FAD254 /* Resources */,
				D8B37985E318F8E77A36842C /* [CP] Embed Pods Frameworks */,
			);
			buildRules = (
			);
			dependencies = (
				04CCFBDB259CB55300FAD254 /* PBXTargetDependency */,
			);
			name = "Marcador de PontoUITests";
			productName = "Marcador de PontoUITests";
			productReference = 04CCFBD9259CB55300FAD254 /* Marcador de PontoUITests.xctest */;
			productType = "com.apple.product-type.bundle.ui-testing";
		};
/* End PBXNativeTarget section */

/* Begin PBXProject section */
		04CCFBAD259CB55200FAD254 /* Project object */ = {
			isa = PBXProject;
			attributes = {
				LastSwiftUpdateCheck = 1230;
				LastUpgradeCheck = 1230;
				TargetAttributes = {
					04CCFBB4259CB55200FAD254 = {
						CreatedOnToolsVersion = 12.3;
					};
					04CCFBCD259CB55300FAD254 = {
						CreatedOnToolsVersion = 12.3;
						TestTargetID = 04CCFBB4259CB55200FAD254;
					};
					04CCFBD8259CB55300FAD254 = {
						CreatedOnToolsVersion = 12.3;
						TestTargetID = 04CCFBB4259CB55200FAD254;
					};
				};
			};
			buildConfigurationList = 04CCFBB0259CB55200FAD254 /* Build configuration list for PBXProject "Marcador de Ponto" */;
			compatibilityVersion = "Xcode 9.3";
			developmentRegion = en;
			hasScannedForEncodings = 0;
			knownRegions = (
				en,
				Base,
			);
			mainGroup = 04CCFBAC259CB55200FAD254;
			productRefGroup = 04CCFBB6259CB55200FAD254 /* Products */;
			projectDirPath = "";
			projectRoot = "";
			targets = (
				04CCFBB4259CB55200FAD254 /* Marcador de Ponto */,
				04CCFBCD259CB55300FAD254 /* Marcador de PontoTests */,
				04CCFBD8259CB55300FAD254 /* Marcador de PontoUITests */,
			);
		};
/* End PBXProject section */

/* Begin PBXResourcesBuildPhase section */
		04CCFBB3259CB55200FAD254 /* Resources */ = {
			isa = PBXResourcesBuildPhase;
			buildActionMask = 2147483647;
			files = (
				04CCFBC8259CB55300FAD254 /* LaunchScreen.storyboard in Resources */,
				04CCFBC5259CB55300FAD254 /* Assets.xcassets in Resources */,
			);
			runOnlyForDeploymentPostprocessing = 0;
		};
		04CCFBCC259CB55300FAD254 /* Resources */ = {
			isa = PBXResourcesBuildPhase;
			buildActionMask = 2147483647;
			files = (
			);
			runOnlyForDeploymentPostprocessing = 0;
		};
		04CCFBD7259CB55300FAD254 /* Resources */ = {
			isa = PBXResourcesBuildPhase;
			buildActionMask = 2147483647;
			files = (
			);
			runOnlyForDeploymentPostprocessing = 0;
		};
/* End PBXResourcesBuildPhase section */

/* Begin PBXShellScriptBuildPhase section */
		21DF53A2CC91C649178EA8F5 /* [CP] Check Pods Manifest.lock */ = {
			isa = PBXShellScriptBuildPhase;
			buildActionMask = 2147483647;
			files = (
			);
			inputFileListPaths = (
			);
			inputPaths = (
				"${PODS_PODFILE_DIR_PATH}/Podfile.lock",
				"${PODS_ROOT}/Manifest.lock",
			);
			name = "[CP] Check Pods Manifest.lock";
			outputFileListPaths = (
			);
			outputPaths = (
				"$(DERIVED_FILE_DIR)/Pods-Marcador de Ponto-Marcador de PontoUITests-checkManifestLockResult.txt",
			);
			runOnlyForDeploymentPostprocessing = 0;
			shellPath = /bin/sh;
			shellScript = "diff \"${PODS_PODFILE_DIR_PATH}/Podfile.lock\" \"${PODS_ROOT}/Manifest.lock\" > /dev/null\nif [ $? != 0 ] ; then\n    # print error to STDERR\n    echo \"error: The sandbox is not in sync with the Podfile.lock. Run 'pod install' or update your CocoaPods installation.\" >&2\n    exit 1\nfi\n# This output is used by Xcode 'outputs' to avoid re-running this script phase.\necho \"SUCCESS\" > \"${SCRIPT_OUTPUT_FILE_0}\"\n";
			showEnvVarsInLog = 0;
		};
		6D13F66567595DC7D4669FD7 /* [CP] Check Pods Manifest.lock */ = {
			isa = PBXShellScriptBuildPhase;
			buildActionMask = 2147483647;
			files = (
			);
			inputFileListPaths = (
			);
			inputPaths = (
				"${PODS_PODFILE_DIR_PATH}/Podfile.lock",
				"${PODS_ROOT}/Manifest.lock",
			);
			name = "[CP] Check Pods Manifest.lock";
			outputFileListPaths = (
			);
			outputPaths = (
				"$(DERIVED_FILE_DIR)/Pods-Marcador de PontoTests-checkManifestLockResult.txt",
			);
			runOnlyForDeploymentPostprocessing = 0;
			shellPath = /bin/sh;
			shellScript = "diff \"${PODS_PODFILE_DIR_PATH}/Podfile.lock\" \"${PODS_ROOT}/Manifest.lock\" > /dev/null\nif [ $? != 0 ] ; then\n    # print error to STDERR\n    echo \"error: The sandbox is not in sync with the Podfile.lock. Run 'pod install' or update your CocoaPods installation.\" >&2\n    exit 1\nfi\n# This output is used by Xcode 'outputs' to avoid re-running this script phase.\necho \"SUCCESS\" > \"${SCRIPT_OUTPUT_FILE_0}\"\n";
			showEnvVarsInLog = 0;
		};
		9B01D42A0A84F500EBC6042B /* [CP] Embed Pods Frameworks */ = {
			isa = PBXShellScriptBuildPhase;
			buildActionMask = 2147483647;
			files = (
			);
			inputFileListPaths = (
				"${PODS_ROOT}/Target Support Files/Pods-Marcador de Ponto/Pods-Marcador de Ponto-frameworks-${CONFIGURATION}-input-files.xcfilelist",
			);
			name = "[CP] Embed Pods Frameworks";
			outputFileListPaths = (
				"${PODS_ROOT}/Target Support Files/Pods-Marcador de Ponto/Pods-Marcador de Ponto-frameworks-${CONFIGURATION}-output-files.xcfilelist",
			);
			runOnlyForDeploymentPostprocessing = 0;
			shellPath = /bin/sh;
			shellScript = "\"${PODS_ROOT}/Target Support Files/Pods-Marcador de Ponto/Pods-Marcador de Ponto-frameworks.sh\"\n";
			showEnvVarsInLog = 0;
		};
		D4B40C8F34A7A280E9ECC683 /* [CP] Check Pods Manifest.lock */ = {
			isa = PBXShellScriptBuildPhase;
			buildActionMask = 2147483647;
			files = (
			);
			inputFileListPaths = (
			);
			inputPaths = (
				"${PODS_PODFILE_DIR_PATH}/Podfile.lock",
				"${PODS_ROOT}/Manifest.lock",
			);
			name = "[CP] Check Pods Manifest.lock";
			outputFileListPaths = (
			);
			outputPaths = (
				"$(DERIVED_FILE_DIR)/Pods-Marcador de Ponto-checkManifestLockResult.txt",
			);
			runOnlyForDeploymentPostprocessing = 0;
			shellPath = /bin/sh;
			shellScript = "diff \"${PODS_PODFILE_DIR_PATH}/Podfile.lock\" \"${PODS_ROOT}/Manifest.lock\" > /dev/null\nif [ $? != 0 ] ; then\n    # print error to STDERR\n    echo \"error: The sandbox is not in sync with the Podfile.lock. Run 'pod install' or update your CocoaPods installation.\" >&2\n    exit 1\nfi\n# This output is used by Xcode 'outputs' to avoid re-running this script phase.\necho \"SUCCESS\" > \"${SCRIPT_OUTPUT_FILE_0}\"\n";
			showEnvVarsInLog = 0;
		};
		D8B37985E318F8E77A36842C /* [CP] Embed Pods Frameworks */ = {
			isa = PBXShellScriptBuildPhase;
			buildActionMask = 2147483647;
			files = (
			);
			inputFileListPaths = (
				"${PODS_ROOT}/Target Support Files/Pods-Marcador de Ponto-Marcador de PontoUITests/Pods-Marcador de Ponto-Marcador de PontoUITests-frameworks-${CONFIGURATION}-input-files.xcfilelist",
			);
			name = "[CP] Embed Pods Frameworks";
			outputFileListPaths = (
				"${PODS_ROOT}/Target Support Files/Pods-Marcador de Ponto-Marcador de PontoUITests/Pods-Marcador de Ponto-Marcador de PontoUITests-frameworks-${CONFIGURATION}-output-files.xcfilelist",
			);
			runOnlyForDeploymentPostprocessing = 0;
			shellPath = /bin/sh;
			shellScript = "\"${PODS_ROOT}/Target Support Files/Pods-Marcador de Ponto-Marcador de PontoUITests/Pods-Marcador de Ponto-Marcador de PontoUITests-frameworks.sh\"\n";
			showEnvVarsInLog = 0;
		};
/* End PBXShellScriptBuildPhase section */

/* Begin PBXSourcesBuildPhase section */
		04CCFBB1259CB55200FAD254 /* Sources */ = {
			isa = PBXSourcesBuildPhase;
			buildActionMask = 2147483647;
			files = (
				0461618F259CBB62004E0482 /* LoginScreen.swift in Sources */,
				04CCFBBD259CB55200FAD254 /* ViewController.swift in Sources */,
				04CCFBB9259CB55200FAD254 /* AppDelegate.swift in Sources */,
				04CCFBC3259CB55200FAD254 /* Marcador_de_Ponto.xcdatamodeld in Sources */,
				04CCFBBB259CB55200FAD254 /* SceneDelegate.swift in Sources */,
				04616194259CBFAB004E0482 /* BaseViewController.swift in Sources */,
			);
			runOnlyForDeploymentPostprocessing = 0;
		};
		04CCFBCA259CB55300FAD254 /* Sources */ = {
			isa = PBXSourcesBuildPhase;
			buildActionMask = 2147483647;
			files = (
				04CCFBD3259CB55300FAD254 /* Marcador_de_PontoTests.swift in Sources */,
			);
			runOnlyForDeploymentPostprocessing = 0;
		};
		04CCFBD5259CB55300FAD254 /* Sources */ = {
			isa = PBXSourcesBuildPhase;
			buildActionMask = 2147483647;
			files = (
				04CCFBDE259CB55300FAD254 /* Marcador_de_PontoUITests.swift in Sources */,
			);
			runOnlyForDeploymentPostprocessing = 0;
		};
/* End PBXSourcesBuildPhase section */

/* Begin PBXTargetDependency section */
		04CCFBD0259CB55300FAD254 /* PBXTargetDependency */ = {
			isa = PBXTargetDependency;
			target = 04CCFBB4259CB55200FAD254 /* Marcador de Ponto */;
			targetProxy = 04CCFBCF259CB55300FAD254 /* PBXContainerItemProxy */;
		};
		04CCFBDB259CB55300FAD254 /* PBXTargetDependency */ = {
			isa = PBXTargetDependency;
			target = 04CCFBB4259CB55200FAD254 /* Marcador de Ponto */;
			targetProxy = 04CCFBDA259CB55300FAD254 /* PBXContainerItemProxy */;
		};
/* End PBXTargetDependency section */

/* Begin PBXVariantGroup section */
		04CCFBC6259CB55300FAD254 /* LaunchScreen.storyboard */ = {
			isa = PBXVariantGroup;
			children = (
				04CCFBC7259CB55300FAD254 /* Base */,
			);
			name = LaunchScreen.storyboard;
			sourceTree = "<group>";
		};
/* End PBXVariantGroup section */

/* Begin XCBuildConfiguration section */
		04CCFBE0259CB55300FAD254 /* Debug */ = {
			isa = XCBuildConfiguration;
			buildSettings = {
				ALWAYS_SEARCH_USER_PATHS = NO;
				CLANG_ANALYZER_NONNULL = YES;
				CLANG_ANALYZER_NUMBER_OBJECT_CONVERSION = YES_AGGRESSIVE;
				CLANG_CXX_LANGUAGE_STANDARD = "gnu++14";
				CLANG_CXX_LIBRARY = "libc++";
				CLANG_ENABLE_MODULES = YES;
				CLANG_ENABLE_OBJC_ARC = YES;
				CLANG_ENABLE_OBJC_WEAK = YES;
				CLANG_WARN_BLOCK_CAPTURE_AUTORELEASING = YES;
				CLANG_WARN_BOOL_CONVERSION = YES;
				CLANG_WARN_COMMA = YES;
				CLANG_WARN_CONSTANT_CONVERSION = YES;
				CLANG_WARN_DEPRECATED_OBJC_IMPLEMENTATIONS = YES;
				CLANG_WARN_DIRECT_OBJC_ISA_USAGE = YES_ERROR;
				CLANG_WARN_DOCUMENTATION_COMMENTS = YES;
				CLANG_WARN_EMPTY_BODY = YES;
				CLANG_WARN_ENUM_CONVERSION = YES;
				CLANG_WARN_INFINITE_RECURSION = YES;
				CLANG_WARN_INT_CONVERSION = YES;
				CLANG_WARN_NON_LITERAL_NULL_CONVERSION = YES;
				CLANG_WARN_OBJC_IMPLICIT_RETAIN_SELF = YES;
				CLANG_WARN_OBJC_LITERAL_CONVERSION = YES;
				CLANG_WARN_OBJC_ROOT_CLASS = YES_ERROR;
				CLANG_WARN_QUOTED_INCLUDE_IN_FRAMEWORK_HEADER = YES;
				CLANG_WARN_RANGE_LOOP_ANALYSIS = YES;
				CLANG_WARN_STRICT_PROTOTYPES = YES;
				CLANG_WARN_SUSPICIOUS_MOVE = YES;
				CLANG_WARN_UNGUARDED_AVAILABILITY = YES_AGGRESSIVE;
				CLANG_WARN_UNREACHABLE_CODE = YES;
				CLANG_WARN__DUPLICATE_METHOD_MATCH = YES;
				COPY_PHASE_STRIP = NO;
				DEBUG_INFORMATION_FORMAT = dwarf;
				ENABLE_STRICT_OBJC_MSGSEND = YES;
				ENABLE_TESTABILITY = YES;
				GCC_C_LANGUAGE_STANDARD = gnu11;
				GCC_DYNAMIC_NO_PIC = NO;
				GCC_NO_COMMON_BLOCKS = YES;
				GCC_OPTIMIZATION_LEVEL = 0;
				GCC_PREPROCESSOR_DEFINITIONS = (
					"DEBUG=1",
					"$(inherited)",
				);
				GCC_WARN_64_TO_32_BIT_CONVERSION = YES;
				GCC_WARN_ABOUT_RETURN_TYPE = YES_ERROR;
				GCC_WARN_UNDECLARED_SELECTOR = YES;
				GCC_WARN_UNINITIALIZED_AUTOS = YES_AGGRESSIVE;
				GCC_WARN_UNUSED_FUNCTION = YES;
				GCC_WARN_UNUSED_VARIABLE = YES;
				IPHONEOS_DEPLOYMENT_TARGET = 14.3;
				MTL_ENABLE_DEBUG_INFO = INCLUDE_SOURCE;
				MTL_FAST_MATH = YES;
				ONLY_ACTIVE_ARCH = YES;
				SDKROOT = iphoneos;
				SWIFT_ACTIVE_COMPILATION_CONDITIONS = DEBUG;
				SWIFT_OPTIMIZATION_LEVEL = "-Onone";
			};
			name = Debug;
		};
		04CCFBE1259CB55300FAD254 /* Release */ = {
			isa = XCBuildConfiguration;
			buildSettings = {
				ALWAYS_SEARCH_USER_PATHS = NO;
				CLANG_ANALYZER_NONNULL = YES;
				CLANG_ANALYZER_NUMBER_OBJECT_CONVERSION = YES_AGGRESSIVE;
				CLANG_CXX_LANGUAGE_STANDARD = "gnu++14";
				CLANG_CXX_LIBRARY = "libc++";
				CLANG_ENABLE_MODULES = YES;
				CLANG_ENABLE_OBJC_ARC = YES;
				CLANG_ENABLE_OBJC_WEAK = YES;
				CLANG_WARN_BLOCK_CAPTURE_AUTORELEASING = YES;
				CLANG_WARN_BOOL_CONVERSION = YES;
				CLANG_WARN_COMMA = YES;
				CLANG_WARN_CONSTANT_CONVERSION = YES;
				CLANG_WARN_DEPRECATED_OBJC_IMPLEMENTATIONS = YES;
				CLANG_WARN_DIRECT_OBJC_ISA_USAGE = YES_ERROR;
				CLANG_WARN_DOCUMENTATION_COMMENTS = YES;
				CLANG_WARN_EMPTY_BODY = YES;
				CLANG_WARN_ENUM_CONVERSION = YES;
				CLANG_WARN_INFINITE_RECURSION = YES;
				CLANG_WARN_INT_CONVERSION = YES;
				CLANG_WARN_NON_LITERAL_NULL_CONVERSION = YES;
				CLANG_WARN_OBJC_IMPLICIT_RETAIN_SELF = YES;
				CLANG_WARN_OBJC_LITERAL_CONVERSION = YES;
				CLANG_WARN_OBJC_ROOT_CLASS = YES_ERROR;
				CLANG_WARN_QUOTED_INCLUDE_IN_FRAMEWORK_HEADER = YES;
				CLANG_WARN_RANGE_LOOP_ANALYSIS = YES;
				CLANG_WARN_STRICT_PROTOTYPES = YES;
				CLANG_WARN_SUSPICIOUS_MOVE = YES;
				CLANG_WARN_UNGUARDED_AVAILABILITY = YES_AGGRESSIVE;
				CLANG_WARN_UNREACHABLE_CODE = YES;
				CLANG_WARN__DUPLICATE_METHOD_MATCH = YES;
				COPY_PHASE_STRIP = NO;
				DEBUG_INFORMATION_FORMAT = "dwarf-with-dsym";
				ENABLE_NS_ASSERTIONS = NO;
				ENABLE_STRICT_OBJC_MSGSEND = YES;
				GCC_C_LANGUAGE_STANDARD = gnu11;
				GCC_NO_COMMON_BLOCKS = YES;
				GCC_WARN_64_TO_32_BIT_CONVERSION = YES;
				GCC_WARN_ABOUT_RETURN_TYPE = YES_ERROR;
				GCC_WARN_UNDECLARED_SELECTOR = YES;
				GCC_WARN_UNINITIALIZED_AUTOS = YES_AGGRESSIVE;
				GCC_WARN_UNUSED_FUNCTION = YES;
				GCC_WARN_UNUSED_VARIABLE = YES;
				IPHONEOS_DEPLOYMENT_TARGET = 14.3;
				MTL_ENABLE_DEBUG_INFO = NO;
				MTL_FAST_MATH = YES;
				SDKROOT = iphoneos;
				SWIFT_COMPILATION_MODE = wholemodule;
				SWIFT_OPTIMIZATION_LEVEL = "-O";
				VALIDATE_PRODUCT = YES;
			};
			name = Release;
		};
		04CCFBE3259CB55300FAD254 /* Debug */ = {
			isa = XCBuildConfiguration;
			baseConfigurationReference = 1B3A61599362BCAA0E508EAE /* Pods-Marcador de Ponto.debug.xcconfig */;
			buildSettings = {
				ASSETCATALOG_COMPILER_APPICON_NAME = AppIcon;
				ASSETCATALOG_COMPILER_GLOBAL_ACCENT_COLOR_NAME = AccentColor;
				CODE_SIGN_STYLE = Automatic;
				DEVELOPMENT_TEAM = UW32VS6S34;
				INFOPLIST_FILE = "Marcador de Ponto/Info.plist";
				LD_RUNPATH_SEARCH_PATHS = (
					"$(inherited)",
					"@executable_path/Frameworks",
				);
				PRODUCT_BUNDLE_IDENTIFIER = "CF.Marcador-de-Ponto";
				PRODUCT_NAME = "$(TARGET_NAME)";
				SWIFT_VERSION = 5.0;
				TARGETED_DEVICE_FAMILY = "1,2";
			};
			name = Debug;
		};
		04CCFBE4259CB55300FAD254 /* Release */ = {
			isa = XCBuildConfiguration;
			baseConfigurationReference = C485B083C867EDA005615A97 /* Pods-Marcador de Ponto.release.xcconfig */;
			buildSettings = {
				ASSETCATALOG_COMPILER_APPICON_NAME = AppIcon;
				ASSETCATALOG_COMPILER_GLOBAL_ACCENT_COLOR_NAME = AccentColor;
				CODE_SIGN_STYLE = Automatic;
				DEVELOPMENT_TEAM = UW32VS6S34;
				INFOPLIST_FILE = "Marcador de Ponto/Info.plist";
				LD_RUNPATH_SEARCH_PATHS = (
					"$(inherited)",
					"@executable_path/Frameworks",
				);
				PRODUCT_BUNDLE_IDENTIFIER = "CF.Marcador-de-Ponto";
				PRODUCT_NAME = "$(TARGET_NAME)";
				SWIFT_VERSION = 5.0;
				TARGETED_DEVICE_FAMILY = "1,2";
			};
			name = Release;
		};
		04CCFBE6259CB55300FAD254 /* Debug */ = {
			isa = XCBuildConfiguration;
			baseConfigurationReference = 859B13CBF11F59DB2BD911EA /* Pods-Marcador de PontoTests.debug.xcconfig */;
			buildSettings = {
				ALWAYS_EMBED_SWIFT_STANDARD_LIBRARIES = YES;
				BUNDLE_LOADER = "$(TEST_HOST)";
				CODE_SIGN_STYLE = Automatic;
				DEVELOPMENT_TEAM = UW32VS6S34;
				INFOPLIST_FILE = "Marcador de PontoTests/Info.plist";
				IPHONEOS_DEPLOYMENT_TARGET = 14.3;
				LD_RUNPATH_SEARCH_PATHS = (
					"$(inherited)",
					"@executable_path/Frameworks",
					"@loader_path/Frameworks",
				);
				PRODUCT_BUNDLE_IDENTIFIER = "CF.Marcador-de-PontoTests";
				PRODUCT_NAME = "$(TARGET_NAME)";
				SWIFT_VERSION = 5.0;
				TARGETED_DEVICE_FAMILY = "1,2";
				TEST_HOST = "$(BUILT_PRODUCTS_DIR)/Marcador de Ponto.app/Marcador de Ponto";
			};
			name = Debug;
		};
		04CCFBE7259CB55300FAD254 /* Release */ = {
			isa = XCBuildConfiguration;
			baseConfigurationReference = D24B00F16F764F3165790C57 /* Pods-Marcador de PontoTests.release.xcconfig */;
			buildSettings = {
				ALWAYS_EMBED_SWIFT_STANDARD_LIBRARIES = YES;
				BUNDLE_LOADER = "$(TEST_HOST)";
				CODE_SIGN_STYLE = Automatic;
				DEVELOPMENT_TEAM = UW32VS6S34;
				INFOPLIST_FILE = "Marcador de PontoTests/Info.plist";
				IPHONEOS_DEPLOYMENT_TARGET = 14.3;
				LD_RUNPATH_SEARCH_PATHS = (
					"$(inherited)",
					"@executable_path/Frameworks",
					"@loader_path/Frameworks",
				);
				PRODUCT_BUNDLE_IDENTIFIER = "CF.Marcador-de-PontoTests";
				PRODUCT_NAME = "$(TARGET_NAME)";
				SWIFT_VERSION = 5.0;
				TARGETED_DEVICE_FAMILY = "1,2";
				TEST_HOST = "$(BUILT_PRODUCTS_DIR)/Marcador de Ponto.app/Marcador de Ponto";
			};
			name = Release;
		};
		04CCFBE9259CB55300FAD254 /* Debug */ = {
			isa = XCBuildConfiguration;
			baseConfigurationReference = 5C1E292B2FA7A91DA400E3A8 /* Pods-Marcador de Ponto-Marcador de PontoUITests.debug.xcconfig */;
			buildSettings = {
				ALWAYS_EMBED_SWIFT_STANDARD_LIBRARIES = YES;
				CODE_SIGN_STYLE = Automatic;
				DEVELOPMENT_TEAM = UW32VS6S34;
				INFOPLIST_FILE = "Marcador de PontoUITests/Info.plist";
				LD_RUNPATH_SEARCH_PATHS = (
					"$(inherited)",
					"@executable_path/Frameworks",
					"@loader_path/Frameworks",
				);
				PRODUCT_BUNDLE_IDENTIFIER = "CF.Marcador-de-PontoUITests";
				PRODUCT_NAME = "$(TARGET_NAME)";
				SWIFT_VERSION = 5.0;
				TARGETED_DEVICE_FAMILY = "1,2";
				TEST_TARGET_NAME = "Marcador de Ponto";
			};
			name = Debug;
		};
		04CCFBEA259CB55300FAD254 /* Release */ = {
			isa = XCBuildConfiguration;
			baseConfigurationReference = 91F42E113E4314594B7997E3 /* Pods-Marcador de Ponto-Marcador de PontoUITests.release.xcconfig */;
			buildSettings = {
				ALWAYS_EMBED_SWIFT_STANDARD_LIBRARIES = YES;
				CODE_SIGN_STYLE = Automatic;
				DEVELOPMENT_TEAM = UW32VS6S34;
				INFOPLIST_FILE = "Marcador de PontoUITests/Info.plist";
				LD_RUNPATH_SEARCH_PATHS = (
					"$(inherited)",
					"@executable_path/Frameworks",
					"@loader_path/Frameworks",
				);
				PRODUCT_BUNDLE_IDENTIFIER = "CF.Marcador-de-PontoUITests";
				PRODUCT_NAME = "$(TARGET_NAME)";
				SWIFT_VERSION = 5.0;
				TARGETED_DEVICE_FAMILY = "1,2";
				TEST_TARGET_NAME = "Marcador de Ponto";
			};
			name = Release;
		};
/* End XCBuildConfiguration section */

/* Begin XCConfigurationList section */
		04CCFBB0259CB55200FAD254 /* Build configuration list for PBXProject "Marcador de Ponto" */ = {
			isa = XCConfigurationList;
			buildConfigurations = (
				04CCFBE0259CB55300FAD254 /* Debug */,
				04CCFBE1259CB55300FAD254 /* Release */,
			);
			defaultConfigurationIsVisible = 0;
			defaultConfigurationName = Release;
		};
		04CCFBE2259CB55300FAD254 /* Build configuration list for PBXNativeTarget "Marcador de Ponto" */ = {
			isa = XCConfigurationList;
			buildConfigurations = (
				04CCFBE3259CB55300FAD254 /* Debug */,
				04CCFBE4259CB55300FAD254 /* Release */,
			);
			defaultConfigurationIsVisible = 0;
			defaultConfigurationName = Release;
		};
		04CCFBE5259CB55300FAD254 /* Build configuration list for PBXNativeTarget "Marcador de PontoTests" */ = {
			isa = XCConfigurationList;
			buildConfigurations = (
				04CCFBE6259CB55300FAD254 /* Debug */,
				04CCFBE7259CB55300FAD254 /* Release */,
			);
			defaultConfigurationIsVisible = 0;
			defaultConfigurationName = Release;
		};
		04CCFBE8259CB55300FAD254 /* Build configuration list for PBXNativeTarget "Marcador de PontoUITests" */ = {
			isa = XCConfigurationList;
			buildConfigurations = (
				04CCFBE9259CB55300FAD254 /* Debug */,
				04CCFBEA259CB55300FAD254 /* Release */,
			);
			defaultConfigurationIsVisible = 0;
			defaultConfigurationName = Release;
		};
/* End XCConfigurationList section */

/* Begin XCVersionGroup section */
		04CCFBC1259CB55200FAD254 /* Marcador_de_Ponto.xcdatamodeld */ = {
			isa = XCVersionGroup;
			children = (
				04CCFBC2259CB55200FAD254 /* Marcador_de_Ponto.xcdatamodel */,
			);
			currentVersion = 04CCFBC2259CB55200FAD254 /* Marcador_de_Ponto.xcdatamodel */;
			path = Marcador_de_Ponto.xcdatamodeld;
			sourceTree = "<group>";
			versionGroupType = wrapper.xcdatamodel;
		};
/* End XCVersionGroup section */
	};
	rootObject = 04CCFBAD259CB55200FAD254 /* Project object */;
}
